// !$*UTF8*$!
{
	archiveVersion = 1;
	classes = {
	};
	objectVersion = 50;
	objects = {

/* Begin PBXBuildFile section */
		DE25A4462223D4D9009EE8DF /* Grid.swift in Sources */ = {isa = PBXBuildFile; fileRef = DE25A4452223D4D9009EE8DF /* Grid.swift */; };
		DE25A4482223E85A009EE8DF /* SetCardView.swift in Sources */ = {isa = PBXBuildFile; fileRef = DE25A4472223E85A009EE8DF /* SetCardView.swift */; };
		DE25A46C22282854009EE8DF /* SymbolView.swift in Sources */ = {isa = PBXBuildFile; fileRef = DE25A46B22282854009EE8DF /* SymbolView.swift */; };
		DE4B14F6220BC4C200D4F314 /* AppDelegate.swift in Sources */ = {isa = PBXBuildFile; fileRef = DE4B14F5220BC4C200D4F314 /* AppDelegate.swift */; };
		DE4B14F8220BC4C200D4F314 /* GameOfSetViewController.swift in Sources */ = {isa = PBXBuildFile; fileRef = DE4B14F7220BC4C200D4F314 /* GameOfSetViewController.swift */; };
		DE4B14FB220BC4C200D4F314 /* Main.storyboard in Resources */ = {isa = PBXBuildFile; fileRef = DE4B14F9220BC4C200D4F314 /* Main.storyboard */; };
		DE4B14FD220BC4C400D4F314 /* Assets.xcassets in Resources */ = {isa = PBXBuildFile; fileRef = DE4B14FC220BC4C400D4F314 /* Assets.xcassets */; };
		DE4B1500220BC4C400D4F314 /* LaunchScreen.storyboard in Resources */ = {isa = PBXBuildFile; fileRef = DE4B14FE220BC4C400D4F314 /* LaunchScreen.storyboard */; };
		DE4B150A220BC86400D4F314 /* SetCard.swift in Sources */ = {isa = PBXBuildFile; fileRef = DE4B1509220BC86400D4F314 /* SetCard.swift */; };
		DE4B150C220BC88100D4F314 /* GameOfSet.swift in Sources */ = {isa = PBXBuildFile; fileRef = DE4B150B220BC88100D4F314 /* GameOfSet.swift */; };
		DE7A2FE022164B440028D6DF /* Untitled781.jpeg in Resources */ = {isa = PBXBuildFile; fileRef = DE7A2FDF22164B440028D6DF /* Untitled781.jpeg */; };
		DED68CEE2238320D001C591E /* Default-568h@2x.png in Resources */ = {isa = PBXBuildFile; fileRef = DED68CED2238320D001C591E /* Default-568h@2x.png */; };
		DED68CF02238331F001C591E /* party.wav in Resources */ = {isa = PBXBuildFile; fileRef = DED68CEF2238331F001C591E /* party.wav */; };
		DED68CF222383345001C591E /* metronome.wav in Resources */ = {isa = PBXBuildFile; fileRef = DED68CF122383345001C591E /* metronome.wav */; };
		DED68CFA2238341B001C591E /* ConcentrationCard.swift in Sources */ = {isa = PBXBuildFile; fileRef = DED68CF92238341B001C591E /* ConcentrationCard.swift */; };
		DED68CFF2238349D001C591E /* GameOfConcentration.swift in Sources */ = {isa = PBXBuildFile; fileRef = DED68CFE2238349D001C591E /* GameOfConcentration.swift */; };
		DEE5844122386408005343C0 /* ConcentrationViewController.swift in Sources */ = {isa = PBXBuildFile; fileRef = DEE5844022386408005343C0 /* ConcentrationViewController.swift */; };
		DEE5844422386C3C005343C0 /* ConcentrationThemeViewController.swift in Sources */ = {isa = PBXBuildFile; fileRef = DEE5844322386C3C005343C0 /* ConcentrationThemeViewController.swift */; };
		DEEDD2AA22110B830030084C /* ding.wav in Resources */ = {isa = PBXBuildFile; fileRef = DEEDD2A922110B830030084C /* ding.wav */; };
		DEEDD2AC22110B8F0030084C /* error.wav in Resources */ = {isa = PBXBuildFile; fileRef = DEEDD2AB22110B8F0030084C /* error.wav */; };
		DEEDD2AE22110CF20030084C /* beep.wav in Resources */ = {isa = PBXBuildFile; fileRef = DEEDD2AD22110CF20030084C /* beep.wav */; };
		DEEDD2B022110F090030084C /* cardSlide6.wav in Resources */ = {isa = PBXBuildFile; fileRef = DEEDD2AF22110F090030084C /* cardSlide6.wav */; };
		DEEDD2B2221111180030084C /* cardShuffle.wav in Resources */ = {isa = PBXBuildFile; fileRef = DEEDD2B1221111180030084C /* cardShuffle.wav */; };
/* End PBXBuildFile section */

/* Begin PBXFileReference section */
		DE25A4452223D4D9009EE8DF /* Grid.swift */ = {isa = PBXFileReference; fileEncoding = 4; lastKnownFileType = sourcecode.swift; path = Grid.swift; sourceTree = "<group>"; };
		DE25A4472223E85A009EE8DF /* SetCardView.swift */ = {isa = PBXFileReference; lastKnownFileType = sourcecode.swift; path = SetCardView.swift; sourceTree = "<group>"; };
		DE25A46B22282854009EE8DF /* SymbolView.swift */ = {isa = PBXFileReference; lastKnownFileType = sourcecode.swift; path = SymbolView.swift; sourceTree = "<group>"; };
		DE4B14F2220BC4C200D4F314 /* The Game of Set.app */ = {isa = PBXFileReference; explicitFileType = wrapper.application; includeInIndex = 0; path = "The Game of Set.app"; sourceTree = BUILT_PRODUCTS_DIR; };
		DE4B14F5220BC4C200D4F314 /* AppDelegate.swift */ = {isa = PBXFileReference; lastKnownFileType = sourcecode.swift; path = AppDelegate.swift; sourceTree = "<group>"; };
		DE4B14F7220BC4C200D4F314 /* GameOfSetViewController.swift */ = {isa = PBXFileReference; lastKnownFileType = sourcecode.swift; path = GameOfSetViewController.swift; sourceTree = "<group>"; };
		DE4B14FA220BC4C200D4F314 /* Base */ = {isa = PBXFileReference; lastKnownFileType = file.storyboard; name = Base; path = Base.lproj/Main.storyboard; sourceTree = "<group>"; };
		DE4B14FC220BC4C400D4F314 /* Assets.xcassets */ = {isa = PBXFileReference; lastKnownFileType = folder.assetcatalog; path = Assets.xcassets; sourceTree = "<group>"; };
		DE4B14FF220BC4C400D4F314 /* Base */ = {isa = PBXFileReference; lastKnownFileType = file.storyboard; name = Base; path = Base.lproj/LaunchScreen.storyboard; sourceTree = "<group>"; };
		DE4B1501220BC4C400D4F314 /* Info.plist */ = {isa = PBXFileReference; lastKnownFileType = text.plist.xml; path = Info.plist; sourceTree = "<group>"; };
		DE4B1509220BC86400D4F314 /* SetCard.swift */ = {isa = PBXFileReference; lastKnownFileType = sourcecode.swift; path = SetCard.swift; sourceTree = "<group>"; };
		DE4B150B220BC88100D4F314 /* GameOfSet.swift */ = {isa = PBXFileReference; lastKnownFileType = sourcecode.swift; path = GameOfSet.swift; sourceTree = "<group>"; };
		DE7A2FDF22164B440028D6DF /* Untitled781.jpeg */ = {isa = PBXFileReference; lastKnownFileType = image.jpeg; path = Untitled781.jpeg; sourceTree = "<group>"; };
		DED68CED2238320D001C591E /* Default-568h@2x.png */ = {isa = PBXFileReference; lastKnownFileType = image.png; path = "Default-568h@2x.png"; sourceTree = "<group>"; };
		DED68CEF2238331F001C591E /* party.wav */ = {isa = PBXFileReference; lastKnownFileType = audio.wav; name = party.wav; path = "../../../Concentration/Concentration/Supporting Files/party.wav"; sourceTree = "<group>"; };
		DED68CF122383345001C591E /* metronome.wav */ = {isa = PBXFileReference; lastKnownFileType = audio.wav; name = metronome.wav; path = "../../../Concentration/Concentration/Supporting Files/metronome.wav"; sourceTree = "<group>"; };
		DED68CF92238341B001C591E /* ConcentrationCard.swift */ = {isa = PBXFileReference; lastKnownFileType = sourcecode.swift; path = ConcentrationCard.swift; sourceTree = "<group>"; };
		DED68CFE2238349D001C591E /* GameOfConcentration.swift */ = {isa = PBXFileReference; lastKnownFileType = sourcecode.swift; path = GameOfConcentration.swift; sourceTree = "<group>"; };
		DEE5844022386408005343C0 /* ConcentrationViewController.swift */ = {isa = PBXFileReference; lastKnownFileType = sourcecode.swift; path = ConcentrationViewController.swift; sourceTree = "<group>"; };
		DEE5844322386C3C005343C0 /* ConcentrationThemeViewController.swift */ = {isa = PBXFileReference; lastKnownFileType = sourcecode.swift; path = ConcentrationThemeViewController.swift; sourceTree = "<group>"; };
		DEEDD2A922110B830030084C /* ding.wav */ = {isa = PBXFileReference; lastKnownFileType = audio.wav; path = ding.wav; sourceTree = "<group>"; };
		DEEDD2AB22110B8F0030084C /* error.wav */ = {isa = PBXFileReference; lastKnownFileType = audio.wav; path = error.wav; sourceTree = "<group>"; };
		DEEDD2AD22110CF20030084C /* beep.wav */ = {isa = PBXFileReference; lastKnownFileType = audio.wav; path = beep.wav; sourceTree = "<group>"; };
		DEEDD2AF22110F090030084C /* cardSlide6.wav */ = {isa = PBXFileReference; lastKnownFileType = audio.wav; path = cardSlide6.wav; sourceTree = "<group>"; };
		DEEDD2B1221111180030084C /* cardShuffle.wav */ = {isa = PBXFileReference; lastKnownFileType = audio.wav; path = cardShuffle.wav; sourceTree = "<group>"; };
/* End PBXFileReference section */

/* Begin PBXFrameworksBuildPhase section */
		DE4B14EF220BC4C200D4F314 /* Frameworks */ = {
			isa = PBXFrameworksBuildPhase;
			buildActionMask = 2147483647;
			files = (
			);
			runOnlyForDeploymentPostprocessing = 0;
		};
/* End PBXFrameworksBuildPhase section */

/* Begin PBXGroup section */
		DE4B14E9220BC4C200D4F314 = {
			isa = PBXGroup;
			children = (
				DE4B14F4220BC4C200D4F314 /* Combo Game */,
				DE4B14F3220BC4C200D4F314 /* Products */,
			);
			sourceTree = "<group>";
		};
		DE4B14F3220BC4C200D4F314 /* Products */ = {
			isa = PBXGroup;
			children = (
				DE4B14F2220BC4C200D4F314 /* The Game of Set.app */,
			);
			name = Products;
			sourceTree = "<group>";
		};
		DE4B14F4220BC4C200D4F314 /* Combo Game */ = {
			isa = PBXGroup;
			children = (
				DE4B14F9220BC4C200D4F314 /* Main.storyboard */,
				DED68CFC2238343B001C591E /* Game of Concentration */,
				DED68CEC223831B5001C591E /* Game of Set */,
				DE4B150E220BC89000D4F314 /* Supporting Files */,
				DE4B1501220BC4C400D4F314 /* Info.plist */,
			);
			path = "Combo Game";
			sourceTree = "<group>";
		};
		DE4B1507220BC82A00D4F314 /* View */ = {
			isa = PBXGroup;
			children = (
				DE25A46B22282854009EE8DF /* SymbolView.swift */,
				DE25A4472223E85A009EE8DF /* SetCardView.swift */,
				DE25A4452223D4D9009EE8DF /* Grid.swift */,
			);
			path = View;
			sourceTree = "<group>";
		};
		DE4B1508220BC83700D4F314 /* Controller */ = {
			isa = PBXGroup;
			children = (
				DE4B14F7220BC4C200D4F314 /* GameOfSetViewController.swift */,
			);
			path = Controller;
			sourceTree = "<group>";
		};
		DE4B150D220BC88600D4F314 /* Model */ = {
			isa = PBXGroup;
			children = (
				DE4B1509220BC86400D4F314 /* SetCard.swift */,
				DE4B150B220BC88100D4F314 /* GameOfSet.swift */,
			);
			path = Model;
			sourceTree = "<group>";
		};
		DE4B150E220BC89000D4F314 /* Supporting Files */ = {
			isa = PBXGroup;
			children = (
				DE4B14FC220BC4C400D4F314 /* Assets.xcassets */,
				DED68CED2238320D001C591E /* Default-568h@2x.png */,
				DEEDD2B1221111180030084C /* cardShuffle.wav */,
				DEEDD2AF22110F090030084C /* cardSlide6.wav */,
				DEEDD2AD22110CF20030084C /* beep.wav */,
				DED68CEF2238331F001C591E /* party.wav */,
				DEEDD2AB22110B8F0030084C /* error.wav */,
				DED68CF122383345001C591E /* metronome.wav */,
				DEEDD2A922110B830030084C /* ding.wav */,
				DE7A2FDF22164B440028D6DF /* Untitled781.jpeg */,
				DE4B14F5220BC4C200D4F314 /* AppDelegate.swift */,
				DE4B14FE220BC4C400D4F314 /* LaunchScreen.storyboard */,
			);
			path = "Supporting Files";
			sourceTree = "<group>";
		};
		DED68CEC223831B5001C591E /* Game of Set */ = {
			isa = PBXGroup;
			children = (
				DE4B150D220BC88600D4F314 /* Model */,
				DE4B1507220BC82A00D4F314 /* View */,
				DE4B1508220BC83700D4F314 /* Controller */,
			);
			path = "Game of Set";
			sourceTree = "<group>";
		};
		DED68CFC2238343B001C591E /* Game of Concentration */ = {
			isa = PBXGroup;
			children = (
				DED68CFD22383468001C591E /* Model */,
				DEE5844222386491005343C0 /* Controller */,
			);
			path = "Game of Concentration";
			sourceTree = "<group>";
		};
		DED68CFD22383468001C591E /* Model */ = {
			isa = PBXGroup;
			children = (
				DED68CF92238341B001C591E /* ConcentrationCard.swift */,
				DED68CFE2238349D001C591E /* GameOfConcentration.swift */,
			);
			path = Model;
			sourceTree = "<group>";
		};
		DEE5844222386491005343C0 /* Controller */ = {
			isa = PBXGroup;
			children = (
				DEE5844022386408005343C0 /* ConcentrationViewController.swift */,
				DEE5844322386C3C005343C0 /* ConcentrationThemeViewController.swift */,
			);
			path = Controller;
			sourceTree = "<group>";
		};
/* End PBXGroup section */

/* Begin PBXNativeTarget section */
		DE4B14F1220BC4C200D4F314 /* The Game of Set */ = {
			isa = PBXNativeTarget;
			buildConfigurationList = DE4B1504220BC4C400D4F314 /* Build configuration list for PBXNativeTarget "The Game of Set" */;
			buildPhases = (
				DE4B14EE220BC4C200D4F314 /* Sources */,
				DE4B14EF220BC4C200D4F314 /* Frameworks */,
				DE4B14F0220BC4C200D4F314 /* Resources */,
			);
			buildRules = (
			);
			dependencies = (
			);
			name = "The Game of Set";
			productName = "The Game of Set";
			productReference = DE4B14F2220BC4C200D4F314 /* The Game of Set.app */;
			productType = "com.apple.product-type.application";
		};
/* End PBXNativeTarget section */

/* Begin PBXProject section */
		DE4B14EA220BC4C200D4F314 /* Project object */ = {
			isa = PBXProject;
			attributes = {
				LastSwiftUpdateCheck = 1010;
				LastUpgradeCheck = 1010;
				ORGANIZATIONNAME = "Cassidy Caid";
				TargetAttributes = {
					DE4B14F1220BC4C200D4F314 = {
						CreatedOnToolsVersion = 10.1;
					};
				};
			};
			buildConfigurationList = DE4B14ED220BC4C200D4F314 /* Build configuration list for PBXProject "The Game of Set" */;
			compatibilityVersion = "Xcode 9.3";
			developmentRegion = en;
			hasScannedForEncodings = 0;
			knownRegions = (
				en,
				Base,
			);
			mainGroup = DE4B14E9220BC4C200D4F314;
			productRefGroup = DE4B14F3220BC4C200D4F314 /* Products */;
			projectDirPath = "";
			projectRoot = "";
			targets = (
				DE4B14F1220BC4C200D4F314 /* The Game of Set */,
			);
		};
/* End PBXProject section */

/* Begin PBXResourcesBuildPhase section */
		DE4B14F0220BC4C200D4F314 /* Resources */ = {
			isa = PBXResourcesBuildPhase;
			buildActionMask = 2147483647;
			files = (
				DE4B1500220BC4C400D4F314 /* LaunchScreen.storyboard in Resources */,
				DEEDD2B022110F090030084C /* cardSlide6.wav in Resources */,
				DEEDD2B2221111180030084C /* cardShuffle.wav in Resources */,
				DED68CF02238331F001C591E /* party.wav in Resources */,
				DED68CEE2238320D001C591E /* Default-568h@2x.png in Resources */,
				DE7A2FE022164B440028D6DF /* Untitled781.jpeg in Resources */,
				DE4B14FD220BC4C400D4F314 /* Assets.xcassets in Resources */,
				DED68CF222383345001C591E /* metronome.wav in Resources */,
				DEEDD2AE22110CF20030084C /* beep.wav in Resources */,
				DEEDD2AC22110B8F0030084C /* error.wav in Resources */,
				DEEDD2AA22110B830030084C /* ding.wav in Resources */,
				DE4B14FB220BC4C200D4F314 /* Main.storyboard in Resources */,
			);
			runOnlyForDeploymentPostprocessing = 0;
		};
/* End PBXResourcesBuildPhase section */

/* Begin PBXSourcesBuildPhase section */
		DE4B14EE220BC4C200D4F314 /* Sources */ = {
			isa = PBXSourcesBuildPhase;
			buildActionMask = 2147483647;
			files = (
				DE4B150A220BC86400D4F314 /* SetCard.swift in Sources */,
				DE25A4482223E85A009EE8DF /* SetCardView.swift in Sources */,
				DEE5844122386408005343C0 /* ConcentrationViewController.swift in Sources */,
				DE4B150C220BC88100D4F314 /* GameOfSet.swift in Sources */,
				DED68CFA2238341B001C591E /* ConcentrationCard.swift in Sources */,
				DE4B14F8220BC4C200D4F314 /* GameOfSetViewController.swift in Sources */,
				DE25A4462223D4D9009EE8DF /* Grid.swift in Sources */,
				DED68CFF2238349D001C591E /* GameOfConcentration.swift in Sources */,
				DEE5844422386C3C005343C0 /* ConcentrationThemeViewController.swift in Sources */,
				DE4B14F6220BC4C200D4F314 /* AppDelegate.swift in Sources */,
				DE25A46C22282854009EE8DF /* SymbolView.swift in Sources */,
			);
			runOnlyForDeploymentPostprocessing = 0;
		};
/* End PBXSourcesBuildPhase section */

/* Begin PBXVariantGroup section */
		DE4B14F9220BC4C200D4F314 /* Main.storyboard */ = {
			isa = PBXVariantGroup;
			children = (
				DE4B14FA220BC4C200D4F314 /* Base */,
			);
			name = Main.storyboard;
			path = "Combo Game";
			sourceTree = SOURCE_ROOT;
		};
		DE4B14FE220BC4C400D4F314 /* LaunchScreen.storyboard */ = {
			isa = PBXVariantGroup;
			children = (
				DE4B14FF220BC4C400D4F314 /* Base */,
			);
			name = LaunchScreen.storyboard;
			sourceTree = "<group>";
		};
/* End PBXVariantGroup section */

/* Begin XCBuildConfiguration section */
		DE4B1502220BC4C400D4F314 /* Debug */ = {
			isa = XCBuildConfiguration;
			buildSettings = {
				ALWAYS_SEARCH_USER_PATHS = NO;
				CLANG_ANALYZER_NONNULL = YES;
				CLANG_ANALYZER_NUMBER_OBJECT_CONVERSION = YES_AGGRESSIVE;
				CLANG_CXX_LANGUAGE_STANDARD = "gnu++14";
				CLANG_CXX_LIBRARY = "libc++";
				CLANG_ENABLE_MODULES = YES;
				CLANG_ENABLE_OBJC_ARC = YES;
				CLANG_ENABLE_OBJC_WEAK = YES;
				CLANG_WARN_BLOCK_CAPTURE_AUTORELEASING = YES;
				CLANG_WARN_BOOL_CONVERSION = YES;
				CLANG_WARN_COMMA = YES;
				CLANG_WARN_CONSTANT_CONVERSION = YES;
				CLANG_WARN_DEPRECATED_OBJC_IMPLEMENTATIONS = YES;
				CLANG_WARN_DIRECT_OBJC_ISA_USAGE = YES_ERROR;
				CLANG_WARN_DOCUMENTATION_COMMENTS = YES;
				CLANG_WARN_EMPTY_BODY = YES;
				CLANG_WARN_ENUM_CONVERSION = YES;
				CLANG_WARN_INFINITE_RECURSION = YES;
				CLANG_WARN_INT_CONVERSION = YES;
				CLANG_WARN_NON_LITERAL_NULL_CONVERSION = YES;
				CLANG_WARN_OBJC_IMPLICIT_RETAIN_SELF = YES;
				CLANG_WARN_OBJC_LITERAL_CONVERSION = YES;
				CLANG_WARN_OBJC_ROOT_CLASS = YES_ERROR;
				CLANG_WARN_RANGE_LOOP_ANALYSIS = YES;
				CLANG_WARN_STRICT_PROTOTYPES = YES;
				CLANG_WARN_SUSPICIOUS_MOVE = YES;
				CLANG_WARN_UNGUARDED_AVAILABILITY = YES_AGGRESSIVE;
				CLANG_WARN_UNREACHABLE_CODE = YES;
				CLANG_WARN__DUPLICATE_METHOD_MATCH = YES;
				CODE_SIGN_IDENTITY = "iPhone Developer";
				COPY_PHASE_STRIP = NO;
				DEBUG_INFORMATION_FORMAT = dwarf;
				ENABLE_STRICT_OBJC_MSGSEND = YES;
				ENABLE_TESTABILITY = YES;
				GCC_C_LANGUAGE_STANDARD = gnu11;
				GCC_DYNAMIC_NO_PIC = NO;
				GCC_NO_COMMON_BLOCKS = YES;
				GCC_OPTIMIZATION_LEVEL = 0;
				GCC_PREPROCESSOR_DEFINITIONS = (
					"DEBUG=1",
					"$(inherited)",
				);
				GCC_WARN_64_TO_32_BIT_CONVERSION = YES;
				GCC_WARN_ABOUT_RETURN_TYPE = YES_ERROR;
				GCC_WARN_UNDECLARED_SELECTOR = YES;
				GCC_WARN_UNINITIALIZED_AUTOS = YES_AGGRESSIVE;
				GCC_WARN_UNUSED_FUNCTION = YES;
				GCC_WARN_UNUSED_VARIABLE = YES;
				IPHONEOS_DEPLOYMENT_TARGET = 12.1;
				MTL_ENABLE_DEBUG_INFO = INCLUDE_SOURCE;
				MTL_FAST_MATH = YES;
				ONLY_ACTIVE_ARCH = YES;
				SDKROOT = iphoneos;
				SWIFT_ACTIVE_COMPILATION_CONDITIONS = DEBUG;
				SWIFT_OPTIMIZATION_LEVEL = "-Onone";
			};
			name = Debug;
		};
		DE4B1503220BC4C400D4F314 /* Release */ = {
			isa = XCBuildConfiguration;
			buildSettings = {
				ALWAYS_SEARCH_USER_PATHS = NO;
				CLANG_ANALYZER_NONNULL = YES;
				CLANG_ANALYZER_NUMBER_OBJECT_CONVERSION = YES_AGGRESSIVE;
				CLANG_CXX_LANGUAGE_STANDARD = "gnu++14";
				CLANG_CXX_LIBRARY = "libc++";
				CLANG_ENABLE_MODULES = YES;
				CLANG_ENABLE_OBJC_ARC = YES;
				CLANG_ENABLE_OBJC_WEAK = YES;
				CLANG_WARN_BLOCK_CAPTURE_AUTORELEASING = YES;
				CLANG_WARN_BOOL_CONVERSION = YES;
				CLANG_WARN_COMMA = YES;
				CLANG_WARN_CONSTANT_CONVERSION = YES;
				CLANG_WARN_DEPRECATED_OBJC_IMPLEMENTATIONS = YES;
				CLANG_WARN_DIRECT_OBJC_ISA_USAGE = YES_ERROR;
				CLANG_WARN_DOCUMENTATION_COMMENTS = YES;
				CLANG_WARN_EMPTY_BODY = YES;
				CLANG_WARN_ENUM_CONVERSION = YES;
				CLANG_WARN_INFINITE_RECURSION = YES;
				CLANG_WARN_INT_CONVERSION = YES;
				CLANG_WARN_NON_LITERAL_NULL_CONVERSION = YES;
				CLANG_WARN_OBJC_IMPLICIT_RETAIN_SELF = YES;
				CLANG_WARN_OBJC_LITERAL_CONVERSION = YES;
				CLANG_WARN_OBJC_ROOT_CLASS = YES_ERROR;
				CLANG_WARN_RANGE_LOOP_ANALYSIS = YES;
				CLANG_WARN_STRICT_PROTOTYPES = YES;
				CLANG_WARN_SUSPICIOUS_MOVE = YES;
				CLANG_WARN_UNGUARDED_AVAILABILITY = YES_AGGRESSIVE;
				CLANG_WARN_UNREACHABLE_CODE = YES;
				CLANG_WARN__DUPLICATE_METHOD_MATCH = YES;
				CODE_SIGN_IDENTITY = "iPhone Developer";
				COPY_PHASE_STRIP = NO;
				DEBUG_INFORMATION_FORMAT = "dwarf-with-dsym";
				ENABLE_NS_ASSERTIONS = NO;
				ENABLE_STRICT_OBJC_MSGSEND = YES;
				GCC_C_LANGUAGE_STANDARD = gnu11;
				GCC_NO_COMMON_BLOCKS = YES;
				GCC_WARN_64_TO_32_BIT_CONVERSION = YES;
				GCC_WARN_ABOUT_RETURN_TYPE = YES_ERROR;
				GCC_WARN_UNDECLARED_SELECTOR = YES;
				GCC_WARN_UNINITIALIZED_AUTOS = YES_AGGRESSIVE;
				GCC_WARN_UNUSED_FUNCTION = YES;
				GCC_WARN_UNUSED_VARIABLE = YES;
				IPHONEOS_DEPLOYMENT_TARGET = 12.1;
				MTL_ENABLE_DEBUG_INFO = NO;
				MTL_FAST_MATH = YES;
				SDKROOT = iphoneos;
				SWIFT_COMPILATION_MODE = wholemodule;
				SWIFT_OPTIMIZATION_LEVEL = "-O";
				VALIDATE_PRODUCT = YES;
			};
			name = Release;
		};
		DE4B1505220BC4C400D4F314 /* Debug */ = {
			isa = XCBuildConfiguration;
			buildSettings = {
				ASSETCATALOG_COMPILER_APPICON_NAME = AppIcon;
				CODE_SIGN_STYLE = Automatic;
				DEVELOPMENT_TEAM = 5567FWX9J9;
				INFOPLIST_FILE = "$(SRCROOT)/Combo Game/Info.plist";
				LD_RUNPATH_SEARCH_PATHS = (
					"$(inherited)",
					"@executable_path/Frameworks",
				);
				PRODUCT_BUNDLE_IDENTIFIER = "com.softwaredad.The-Game-of-Set";
				PRODUCT_NAME = "$(TARGET_NAME)";
				SWIFT_VERSION = 4.2;
				TARGETED_DEVICE_FAMILY = "1,2";
			};
			name = Debug;
		};
		DE4B1506220BC4C400D4F314 /* Release */ = {
			isa = XCBuildConfiguration;
			buildSettings = {
				ASSETCATALOG_COMPILER_APPICON_NAME = AppIcon;
				CODE_SIGN_STYLE = Automatic;
				DEVELOPMENT_TEAM = 5567FWX9J9;
				INFOPLIST_FILE = "$(SRCROOT)/Combo Game/Info.plist";
				LD_RUNPATH_SEARCH_PATHS = (
					"$(inherited)",
					"@executable_path/Frameworks",
				);
				PRODUCT_BUNDLE_IDENTIFIER = "com.softwaredad.The-Game-of-Set";
				PRODUCT_NAME = "$(TARGET_NAME)";
				SWIFT_VERSION = 4.2;
				TARGETED_DEVICE_FAMILY = "1,2";
			};
			name = Release;
		};
/* End XCBuildConfiguration section */

/* Begin XCConfigurationList section */
		DE4B14ED220BC4C200D4F314 /* Build configuration list for PBXProject "The Game of Set" */ = {
			isa = XCConfigurationList;
			buildConfigurations = (
				DE4B1502220BC4C400D4F314 /* Debug */,
				DE4B1503220BC4C400D4F314 /* Release */,
			);
			defaultConfigurationIsVisible = 0;
			defaultConfigurationName = Release;
		};
		DE4B1504220BC4C400D4F314 /* Build configuration list for PBXNativeTarget "The Game of Set" */ = {
			isa = XCConfigurationList;
			buildConfigurations = (
				DE4B1505220BC4C400D4F314 /* Debug */,
				DE4B1506220BC4C400D4F314 /* Release */,
			);
			defaultConfigurationIsVisible = 0;
			defaultConfigurationName = Release;
		};
/* End XCConfigurationList section */
	};
	rootObject = DE4B14EA220BC4C200D4F314 /* Project object */;
}
